
Microsoft Visual Studio Solution File, Format Version 12.00
# Visual Studio Version 17
VisualStudioVersion = 17.0.32014.148
MinimumVisualStudioVersion = 10.0.40219.1
Project("{9A19103F-16F7-4668-BE54-9A1E7A4F7556}") = "PR17", "PR17\PR17\PR17.csproj", "{ACBA975A-ADEC-42B9-8F4B-51E97231207D}"
EndProject
Project("{FAE04EC0-301F-11D3-BF4B-00C04F79EFBC}") = "PR17.Android", "PR17\PR17.Android\PR17.Android.csproj", "{8F236EE9-5777-496E-854E-BD359B276C5C}"
EndProject
Project("{FAE04EC0-301F-11D3-BF4B-00C04F79EFBC}") = "PR17.iOS", "PR17\PR17.iOS\PR17.iOS.csproj", "{A01C23B0-1515-451B-8080-C28AC89E9B0D}"
EndProject
Global
	GlobalSection(SolutionConfigurationPlatforms) = preSolution
		Debug|Any CPU = Debug|Any CPU
		Debug|iPhone = Debug|iPhone
		Debug|iPhoneSimulator = Debug|iPhoneSimulator
		Release|Any CPU = Release|Any CPU
		Release|iPhone = Release|iPhone
		Release|iPhoneSimulator = Release|iPhoneSimulator
	EndGlobalSection
	GlobalSection(ProjectConfigurationPlatforms) = postSolution
		{ACBA975A-ADEC-42B9-8F4B-51E97231207D}.Debug|Any CPU.ActiveCfg = Debug|Any CPU
		{ACBA975A-ADEC-42B9-8F4B-51E97231207D}.Debug|Any CPU.Build.0 = Debug|Any CPU
		{ACBA975A-ADEC-42B9-8F4B-51E97231207D}.Debug|iPhone.ActiveCfg = Debug|Any CPU
		{ACBA975A-ADEC-42B9-8F4B-51E97231207D}.Debug|iPhone.Build.0 = Debug|Any CPU
		{ACBA975A-ADEC-42B9-8F4B-51E97231207D}.Debug|iPhoneSimulator.ActiveCfg = Debug|Any CPU
		{ACBA975A-ADEC-42B9-8F4B-51E97231207D}.Debug|iPhoneSimulator.Build.0 = Debug|Any CPU
		{ACBA975A-ADEC-42B9-8F4B-51E97231207D}.Release|Any CPU.ActiveCfg = Release|Any CPU
		{ACBA975A-ADEC-42B9-8F4B-51E97231207D}.Release|Any CPU.Build.0 = Release|Any CPU
		{ACBA975A-ADEC-42B9-8F4B-51E97231207D}.Release|iPhone.ActiveCfg = Release|Any CPU
		{ACBA975A-ADEC-42B9-8F4B-51E97231207D}.Release|iPhone.Build.0 = Release|Any CPU
		{ACBA975A-ADEC-42B9-8F4B-51E97231207D}.Release|iPhoneSimulator.ActiveCfg = Release|Any CPU
		{ACBA975A-ADEC-42B9-8F4B-51E97231207D}.Release|iPhoneSimulator.Build.0 = Release|Any CPU
		{8F236EE9-5777-496E-854E-BD359B276C5C}.Debug|Any CPU.ActiveCfg = Debug|Any CPU
		{8F236EE9-5777-496E-854E-BD359B276C5C}.Debug|Any CPU.Build.0 = Debug|Any CPU
		{8F236EE9-5777-496E-854E-BD359B276C5C}.Debug|Any CPU.Deploy.0 = Debug|Any CPU
		{8F236EE9-5777-496E-854E-BD359B276C5C}.Debug|iPhone.ActiveCfg = Debug|Any CPU
		{8F236EE9-5777-496E-854E-BD359B276C5C}.Debug|iPhone.Build.0 = Debug|Any CPU
		{8F236EE9-5777-496E-854E-BD359B276C5C}.Debug|iPhone.Deploy.0 = Debug|Any CPU
		{8F236EE9-5777-496E-854E-BD359B276C5C}.Debug|iPhoneSimulator.ActiveCfg = Debug|Any CPU
		{8F236EE9-5777-496E-854E-BD359B276C5C}.Debug|iPhoneSimulator.Build.0 = Debug|Any CPU
		{8F236EE9-5777-496E-854E-BD359B276C5C}.Debug|iPhoneSimulator.Deploy.0 = Debug|Any CPU
		{8F236EE9-5777-496E-854E-BD359B276C5C}.Release|Any CPU.ActiveCfg = Release|Any CPU
		{8F236EE9-5777-496E-854E-BD359B276C5C}.Release|Any CPU.Build.0 = Release|Any CPU
		{8F236EE9-5777-496E-854E-BD359B276C5C}.Release|Any CPU.Deploy.0 = Release|Any CPU
		{8F236EE9-5777-496E-854E-BD359B276C5C}.Release|iPhone.ActiveCfg = Release|Any CPU
		{8F236EE9-5777-496E-854E-BD359B276C5C}.Release|iPhone.Build.0 = Release|Any CPU
		{8F236EE9-5777-496E-854E-BD359B276C5C}.Release|iPhone.Deploy.0 = Release|Any CPU
		{8F236EE9-5777-496E-854E-BD359B276C5C}.Release|iPhoneSimulator.ActiveCfg = Release|Any CPU
		{8F236EE9-5777-496E-854E-BD359B276C5C}.Release|iPhoneSimulator.Build.0 = Release|Any CPU
		{8F236EE9-5777-496E-854E-BD359B276C5C}.Release|iPhoneSimulator.Deploy.0 = Release|Any CPU
		{A01C23B0-1515-451B-8080-C28AC89E9B0D}.Debug|Any CPU.ActiveCfg = Debug|iPhoneSimulator
		{A01C23B0-1515-451B-8080-C28AC89E9B0D}.Debug|Any CPU.Build.0 = Debug|iPhoneSimulator
		{A01C23B0-1515-451B-8080-C28AC89E9B0D}.Debug|iPhone.ActiveCfg = Debug|iPhone
		{A01C23B0-1515-451B-8080-C28AC89E9B0D}.Debug|iPhone.Build.0 = Debug|iPhone
		{A01C23B0-1515-451B-8080-C28AC89E9B0D}.Debug|iPhoneSimulator.ActiveCfg = Debug|iPhoneSimulator
		{A01C23B0-1515-451B-8080-C28AC89E9B0D}.Debug|iPhoneSimulator.Build.0 = Debug|iPhoneSimulator
		{A01C23B0-1515-451B-8080-C28AC89E9B0D}.Release|Any CPU.ActiveCfg = Release|iPhoneSimulator
		{A01C23B0-1515-451B-8080-C28AC89E9B0D}.Release|Any CPU.Build.0 = Release|iPhoneSimulator
		{A01C23B0-1515-451B-8080-C28AC89E9B0D}.Release|iPhone.ActiveCfg = Release|iPhone
		{A01C23B0-1515-451B-8080-C28AC89E9B0D}.Release|iPhone.Build.0 = Release|iPhone
		{A01C23B0-1515-451B-8080-C28AC89E9B0D}.Release|iPhoneSimulator.ActiveCfg = Release|iPhoneSimulator
		{A01C23B0-1515-451B-8080-C28AC89E9B0D}.Release|iPhoneSimulator.Build.0 = Release|iPhoneSimulator
	EndGlobalSection
	GlobalSection(SolutionProperties) = preSolution
		HideSolutionNode = FALSE
	EndGlobalSection
	GlobalSection(ExtensibilityGlobals) = postSolution
		SolutionGuid = {9D9BD851-7A17-4C17-84D3-079F913CE9EA}
	EndGlobalSection
EndGlobal
